
Microsoft Visual Studio Solution File, Format Version 12.00
# Visual Studio Version 17
VisualStudioVersion = 17.4.33110.190
MinimumVisualStudioVersion = 10.0.40219.1
Project("{9A19103F-16F7-4668-BE54-9A1E7A4F7556}") = "Dotnet.WebAPI", "Dotnet.WebAPI\Dotnet.WebAPI.csproj", "{98799713-306F-4B1C-9A71-A530FA428189}"
EndProject
Project("{9A19103F-16F7-4668-BE54-9A1E7A4F7556}") = "Dotnet.Benchmarks", "Dotnet.Benchmarks\Dotnet.Benchmarks.csproj", "{0C3ACF31-A815-4C1C-9FE3-ADA8E75AAD4D}"
EndProject
Global
	GlobalSection(SolutionConfigurationPlatforms) = preSolution
		Debug|Any CPU = Debug|Any CPU
		Release|Any CPU = Release|Any CPU
	EndGlobalSection
	GlobalSection(ProjectConfigurationPlatforms) = postSolution
		{98799713-306F-4B1C-9A71-A530FA428189}.Debug|Any CPU.ActiveCfg = Debug|Any CPU
		{98799713-306F-4B1C-9A71-A530FA428189}.Debug|Any CPU.Build.0 = Debug|Any CPU
		{98799713-306F-4B1C-9A71-A530FA428189}.Release|Any CPU.ActiveCfg = Release|Any CPU
		{98799713-306F-4B1C-9A71-A530FA428189}.Release|Any CPU.Build.0 = Release|Any CPU
		{0C3ACF31-A815-4C1C-9FE3-ADA8E75AAD4D}.Debug|Any CPU.ActiveCfg = Debug|Any CPU
		{0C3ACF31-A815-4C1C-9FE3-ADA8E75AAD4D}.Debug|Any CPU.Build.0 = Debug|Any CPU
		{0C3ACF31-A815-4C1C-9FE3-ADA8E75AAD4D}.Release|Any CPU.ActiveCfg = Release|Any CPU
		{0C3ACF31-A815-4C1C-9FE3-ADA8E75AAD4D}.Release|Any CPU.Build.0 = Release|Any CPU
	EndGlobalSection
	GlobalSection(SolutionProperties) = preSolution
		HideSolutionNode = FALSE
	EndGlobalSection
	GlobalSection(ExtensibilityGlobals) = postSolution
		SolutionGuid = {EA918B1D-60A3-4D68-BB31-93F5C2A8C59F}
	EndGlobalSection
EndGlobal
